// !$*UTF8*$!
{
	archiveVersion = 1;
	classes = {
	};
	objectVersion = 51;
	objects = {

/* Begin PBXBuildFile section */
		BC86900224C2E47800CF5F8A /* WeatherForecast.xcdatamodeld in Sources */ = {isa = PBXBuildFile; fileRef = BC868FFC24C2E47800CF5F8A /* WeatherForecast.xcdatamodeld */; };
		BC86900324C2E47800CF5F8A /* Weather+CoreDataProperties.swift in Sources */ = {isa = PBXBuildFile; fileRef = BC868FFE24C2E47800CF5F8A /* Weather+CoreDataProperties.swift */; };
		BC86900424C2E47800CF5F8A /* Weather+CoreDataClass.swift in Sources */ = {isa = PBXBuildFile; fileRef = BC868FFF24C2E47800CF5F8A /* Weather+CoreDataClass.swift */; };
		BC86900524C2E47800CF5F8A /* City+CoreDataProperties.swift in Sources */ = {isa = PBXBuildFile; fileRef = BC86900024C2E47800CF5F8A /* City+CoreDataProperties.swift */; };
		BC86900624C2E47800CF5F8A /* City+CoreDataClass.swift in Sources */ = {isa = PBXBuildFile; fileRef = BC86900124C2E47800CF5F8A /* City+CoreDataClass.swift */; };
		BC86900A24C2E9E700CF5F8A /* DataBaseProtocol.swift in Sources */ = {isa = PBXBuildFile; fileRef = BC86900924C2E9E700CF5F8A /* DataBaseProtocol.swift */; };
		BC86900D24C2EB1A00CF5F8A /* DataManager.swift in Sources */ = {isa = PBXBuildFile; fileRef = BC86900B24C2EB1A00CF5F8A /* DataManager.swift */; };
		BC86900E24C2EB1A00CF5F8A /* NetworkManager.swift in Sources */ = {isa = PBXBuildFile; fileRef = BC86900C24C2EB1A00CF5F8A /* NetworkManager.swift */; };
		BC86901124C2EB4400CF5F8A /* CoreDataManager.swift in Sources */ = {isa = PBXBuildFile; fileRef = BC86901024C2EB4400CF5F8A /* CoreDataManager.swift */; };
		BC86901424C2F94B00CF5F8A /* CoreDataBase.swift in Sources */ = {isa = PBXBuildFile; fileRef = BC86901324C2F94B00CF5F8A /* CoreDataBase.swift */; };
		BCB256D424C059C4005925E4 /* AppDelegate.swift in Sources */ = {isa = PBXBuildFile; fileRef = BCB256D324C059C4005925E4 /* AppDelegate.swift */; };
		BCB256D624C059C4005925E4 /* SceneDelegate.swift in Sources */ = {isa = PBXBuildFile; fileRef = BCB256D524C059C4005925E4 /* SceneDelegate.swift */; };
		BCB256D824C059C4005925E4 /* ViewController.swift in Sources */ = {isa = PBXBuildFile; fileRef = BCB256D724C059C4005925E4 /* ViewController.swift */; };
		BCB256DB24C059C4005925E4 /* Main.storyboard in Resources */ = {isa = PBXBuildFile; fileRef = BCB256D924C059C4005925E4 /* Main.storyboard */; };
		BCB256DD24C059C7005925E4 /* Assets.xcassets in Resources */ = {isa = PBXBuildFile; fileRef = BCB256DC24C059C7005925E4 /* Assets.xcassets */; };
		BCB256E024C059C7005925E4 /* LaunchScreen.storyboard in Resources */ = {isa = PBXBuildFile; fileRef = BCB256DE24C059C7005925E4 /* LaunchScreen.storyboard */; };
		C2656324EF46FD7C3C735A3F /* Pods_GoodWeather.framework in Frameworks */ = {isa = PBXBuildFile; fileRef = C73775A9E0E0286E8515C127 /* Pods_GoodWeather.framework */; };
/* End PBXBuildFile section */

/* Begin PBXFileReference section */
		44FA8FAEB3604B9B6983D55C /* Pods-GoodWeather.debug.xcconfig */ = {isa = PBXFileReference; includeInIndex = 1; lastKnownFileType = text.xcconfig; name = "Pods-GoodWeather.debug.xcconfig"; path = "Target Support Files/Pods-GoodWeather/Pods-GoodWeather.debug.xcconfig"; sourceTree = "<group>"; };
		945E6528CE8DA721BF77729F /* Pods-GoodWeather.release.xcconfig */ = {isa = PBXFileReference; includeInIndex = 1; lastKnownFileType = text.xcconfig; name = "Pods-GoodWeather.release.xcconfig"; path = "Target Support Files/Pods-GoodWeather/Pods-GoodWeather.release.xcconfig"; sourceTree = "<group>"; };
		BC868FFD24C2E47800CF5F8A /* WeatherForecast.xcdatamodel */ = {isa = PBXFileReference; lastKnownFileType = wrapper.xcdatamodel; path = WeatherForecast.xcdatamodel; sourceTree = "<group>"; };
		BC868FFE24C2E47800CF5F8A /* Weather+CoreDataProperties.swift */ = {isa = PBXFileReference; fileEncoding = 4; lastKnownFileType = sourcecode.swift; path = "Weather+CoreDataProperties.swift"; sourceTree = "<group>"; };
		BC868FFF24C2E47800CF5F8A /* Weather+CoreDataClass.swift */ = {isa = PBXFileReference; fileEncoding = 4; lastKnownFileType = sourcecode.swift; path = "Weather+CoreDataClass.swift"; sourceTree = "<group>"; };
		BC86900024C2E47800CF5F8A /* City+CoreDataProperties.swift */ = {isa = PBXFileReference; fileEncoding = 4; lastKnownFileType = sourcecode.swift; path = "City+CoreDataProperties.swift"; sourceTree = "<group>"; };
		BC86900124C2E47800CF5F8A /* City+CoreDataClass.swift */ = {isa = PBXFileReference; fileEncoding = 4; lastKnownFileType = sourcecode.swift; path = "City+CoreDataClass.swift"; sourceTree = "<group>"; };
		BC86900924C2E9E700CF5F8A /* DataBaseProtocol.swift */ = {isa = PBXFileReference; lastKnownFileType = sourcecode.swift; path = DataBaseProtocol.swift; sourceTree = "<group>"; };
		BC86900B24C2EB1A00CF5F8A /* DataManager.swift */ = {isa = PBXFileReference; fileEncoding = 4; lastKnownFileType = sourcecode.swift; path = DataManager.swift; sourceTree = "<group>"; };
		BC86900C24C2EB1A00CF5F8A /* NetworkManager.swift */ = {isa = PBXFileReference; fileEncoding = 4; lastKnownFileType = sourcecode.swift; path = NetworkManager.swift; sourceTree = "<group>"; };
		BC86901024C2EB4400CF5F8A /* CoreDataManager.swift */ = {isa = PBXFileReference; fileEncoding = 4; lastKnownFileType = sourcecode.swift; path = CoreDataManager.swift; sourceTree = "<group>"; };
		BC86901324C2F94B00CF5F8A /* CoreDataBase.swift */ = {isa = PBXFileReference; lastKnownFileType = sourcecode.swift; path = CoreDataBase.swift; sourceTree = "<group>"; };
		BCB256D024C059C4005925E4 /* GoodWeather.app */ = {isa = PBXFileReference; explicitFileType = wrapper.application; includeInIndex = 0; path = GoodWeather.app; sourceTree = BUILT_PRODUCTS_DIR; };
		BCB256D324C059C4005925E4 /* AppDelegate.swift */ = {isa = PBXFileReference; lastKnownFileType = sourcecode.swift; path = AppDelegate.swift; sourceTree = "<group>"; };
		BCB256D524C059C4005925E4 /* SceneDelegate.swift */ = {isa = PBXFileReference; lastKnownFileType = sourcecode.swift; path = SceneDelegate.swift; sourceTree = "<group>"; };
		BCB256D724C059C4005925E4 /* ViewController.swift */ = {isa = PBXFileReference; lastKnownFileType = sourcecode.swift; path = ViewController.swift; sourceTree = "<group>"; };
		BCB256DA24C059C4005925E4 /* Base */ = {isa = PBXFileReference; lastKnownFileType = file.storyboard; name = Base; path = Base.lproj/Main.storyboard; sourceTree = "<group>"; };
		BCB256DC24C059C7005925E4 /* Assets.xcassets */ = {isa = PBXFileReference; lastKnownFileType = folder.assetcatalog; path = Assets.xcassets; sourceTree = "<group>"; };
		BCB256DF24C059C7005925E4 /* Base */ = {isa = PBXFileReference; lastKnownFileType = file.storyboard; name = Base; path = Base.lproj/LaunchScreen.storyboard; sourceTree = "<group>"; };
		BCB256E124C059C7005925E4 /* Info.plist */ = {isa = PBXFileReference; lastKnownFileType = text.plist.xml; path = Info.plist; sourceTree = "<group>"; };
		C73775A9E0E0286E8515C127 /* Pods_GoodWeather.framework */ = {isa = PBXFileReference; explicitFileType = wrapper.framework; includeInIndex = 0; path = Pods_GoodWeather.framework; sourceTree = BUILT_PRODUCTS_DIR; };
/* End PBXFileReference section */

/* Begin PBXFrameworksBuildPhase section */
		BCB256CD24C059C4005925E4 /* Frameworks */ = {
			isa = PBXFrameworksBuildPhase;
			buildActionMask = 2147483647;
			files = (
				C2656324EF46FD7C3C735A3F /* Pods_GoodWeather.framework in Frameworks */,
			);
			runOnlyForDeploymentPostprocessing = 0;
		};
/* End PBXFrameworksBuildPhase section */

/* Begin PBXGroup section */
		74B9FC19360398733676EA21 /* Pods */ = {
			isa = PBXGroup;
			children = (
				44FA8FAEB3604B9B6983D55C /* Pods-GoodWeather.debug.xcconfig */,
				945E6528CE8DA721BF77729F /* Pods-GoodWeather.release.xcconfig */,
			);
			path = Pods;
			sourceTree = "<group>";
		};
		BC868FFB24C2E47800CF5F8A /* Model */ = {
			isa = PBXGroup;
			children = (
				BC868FFC24C2E47800CF5F8A /* WeatherForecast.xcdatamodeld */,
				BC868FFE24C2E47800CF5F8A /* Weather+CoreDataProperties.swift */,
				BC868FFF24C2E47800CF5F8A /* Weather+CoreDataClass.swift */,
				BC86900024C2E47800CF5F8A /* City+CoreDataProperties.swift */,
				BC86900124C2E47800CF5F8A /* City+CoreDataClass.swift */,
			);
			path = Model;
			sourceTree = "<group>";
		};
		BC86900F24C2EB2100CF5F8A /* Managers */ = {
			isa = PBXGroup;
			children = (
				BC86901224C2F53F00CF5F8A /* DataBase */,
				BC86900B24C2EB1A00CF5F8A /* DataManager.swift */,
				BC86900C24C2EB1A00CF5F8A /* NetworkManager.swift */,
			);
			path = Managers;
			sourceTree = "<group>";
		};
		BC86901224C2F53F00CF5F8A /* DataBase */ = {
			isa = PBXGroup;
			children = (
				BC86900924C2E9E700CF5F8A /* DataBaseProtocol.swift */,
				BC86901324C2F94B00CF5F8A /* CoreDataBase.swift */,
				BC86901024C2EB4400CF5F8A /* CoreDataManager.swift */,
			);
			path = DataBase;
			sourceTree = "<group>";
		};
		BCB256C724C059C4005925E4 = {
			isa = PBXGroup;
			children = (
				BCB256D224C059C4005925E4 /* GoodWeather */,
				BCB256D124C059C4005925E4 /* Products */,
				74B9FC19360398733676EA21 /* Pods */,
				FFF02BDA8A32939D17DCD8C3 /* Frameworks */,
			);
			sourceTree = "<group>";
		};
		BCB256D124C059C4005925E4 /* Products */ = {
			isa = PBXGroup;
			children = (
				BCB256D024C059C4005925E4 /* GoodWeather.app */,
			);
			name = Products;
			sourceTree = "<group>";
		};
		BCB256D224C059C4005925E4 /* GoodWeather */ = {
			isa = PBXGroup;
			children = (
				BC868FFB24C2E47800CF5F8A /* Model */,
				BCB256D324C059C4005925E4 /* AppDelegate.swift */,
				BCB256D524C059C4005925E4 /* SceneDelegate.swift */,
				BC86900F24C2EB2100CF5F8A /* Managers */,
				BCB256D724C059C4005925E4 /* ViewController.swift */,
				BCB256D924C059C4005925E4 /* Main.storyboard */,
				BCB256DC24C059C7005925E4 /* Assets.xcassets */,
				BCB256DE24C059C7005925E4 /* LaunchScreen.storyboard */,
				BCB256E124C059C7005925E4 /* Info.plist */,
			);
			path = GoodWeather;
			sourceTree = "<group>";
		};
		FFF02BDA8A32939D17DCD8C3 /* Frameworks */ = {
			isa = PBXGroup;
			children = (
				C73775A9E0E0286E8515C127 /* Pods_GoodWeather.framework */,
			);
			name = Frameworks;
			sourceTree = "<group>";
		};
/* End PBXGroup section */

/* Begin PBXNativeTarget section */
		BCB256CF24C059C4005925E4 /* GoodWeather */ = {
			isa = PBXNativeTarget;
			buildConfigurationList = BCB256E424C059C7005925E4 /* Build configuration list for PBXNativeTarget "GoodWeather" */;
			buildPhases = (
				EBCB5CE483E6DE295E8D7581 /* [CP] Check Pods Manifest.lock */,
				BCB256CC24C059C4005925E4 /* Sources */,
				BCB256CD24C059C4005925E4 /* Frameworks */,
				BCB256CE24C059C4005925E4 /* Resources */,
				C115D55580EC055DEE84E51C /* [CP] Embed Pods Frameworks */,
			);
			buildRules = (
			);
			dependencies = (
			);
			name = GoodWeather;
			productName = GoodWeather;
			productReference = BCB256D024C059C4005925E4 /* GoodWeather.app */;
			productType = "com.apple.product-type.application";
		};
/* End PBXNativeTarget section */

/* Begin PBXProject section */
		BCB256C824C059C4005925E4 /* Project object */ = {
			isa = PBXProject;
			attributes = {
				LastSwiftUpdateCheck = 1150;
				LastUpgradeCheck = 1150;
				ORGANIZATIONNAME = "Дарья Леонова";
				TargetAttributes = {
					BCB256CF24C059C4005925E4 = {
						CreatedOnToolsVersion = 11.5;
					};
				};
			};
			buildConfigurationList = BCB256CB24C059C4005925E4 /* Build configuration list for PBXProject "GoodWeather" */;
			compatibilityVersion = "Xcode 9.3";
			developmentRegion = en;
			hasScannedForEncodings = 0;
			knownRegions = (
				en,
				Base,
			);
			mainGroup = BCB256C724C059C4005925E4;
			productRefGroup = BCB256D124C059C4005925E4 /* Products */;
			projectDirPath = "";
			projectRoot = "";
			targets = (
				BCB256CF24C059C4005925E4 /* GoodWeather */,
			);
		};
/* End PBXProject section */

/* Begin PBXResourcesBuildPhase section */
		BCB256CE24C059C4005925E4 /* Resources */ = {
			isa = PBXResourcesBuildPhase;
			buildActionMask = 2147483647;
			files = (
				BCB256E024C059C7005925E4 /* LaunchScreen.storyboard in Resources */,
				BCB256DD24C059C7005925E4 /* Assets.xcassets in Resources */,
				BCB256DB24C059C4005925E4 /* Main.storyboard in Resources */,
			);
			runOnlyForDeploymentPostprocessing = 0;
		};
/* End PBXResourcesBuildPhase section */

/* Begin PBXShellScriptBuildPhase section */
		C115D55580EC055DEE84E51C /* [CP] Embed Pods Frameworks */ = {
			isa = PBXShellScriptBuildPhase;
			buildActionMask = 2147483647;
			files = (
			);
			inputFileListPaths = (
				"${PODS_ROOT}/Target Support Files/Pods-GoodWeather/Pods-GoodWeather-frameworks-${CONFIGURATION}-input-files.xcfilelist",
			);
			name = "[CP] Embed Pods Frameworks";
			outputFileListPaths = (
				"${PODS_ROOT}/Target Support Files/Pods-GoodWeather/Pods-GoodWeather-frameworks-${CONFIGURATION}-output-files.xcfilelist",
			);
			runOnlyForDeploymentPostprocessing = 0;
			shellPath = /bin/sh;
			shellScript = "\"${PODS_ROOT}/Target Support Files/Pods-GoodWeather/Pods-GoodWeather-frameworks.sh\"\n";
			showEnvVarsInLog = 0;
		};
		EBCB5CE483E6DE295E8D7581 /* [CP] Check Pods Manifest.lock */ = {
			isa = PBXShellScriptBuildPhase;
			buildActionMask = 2147483647;
			files = (
			);
			inputFileListPaths = (
			);
			inputPaths = (
				"${PODS_PODFILE_DIR_PATH}/Podfile.lock",
				"${PODS_ROOT}/Manifest.lock",
			);
			name = "[CP] Check Pods Manifest.lock";
			outputFileListPaths = (
			);
			outputPaths = (
				"$(DERIVED_FILE_DIR)/Pods-GoodWeather-checkManifestLockResult.txt",
			);
			runOnlyForDeploymentPostprocessing = 0;
			shellPath = /bin/sh;
			shellScript = "diff \"${PODS_PODFILE_DIR_PATH}/Podfile.lock\" \"${PODS_ROOT}/Manifest.lock\" > /dev/null\nif [ $? != 0 ] ; then\n    # print error to STDERR\n    echo \"error: The sandbox is not in sync with the Podfile.lock. Run 'pod install' or update your CocoaPods installation.\" >&2\n    exit 1\nfi\n# This output is used by Xcode 'outputs' to avoid re-running this script phase.\necho \"SUCCESS\" > \"${SCRIPT_OUTPUT_FILE_0}\"\n";
			showEnvVarsInLog = 0;
		};
/* End PBXShellScriptBuildPhase section */

/* Begin PBXSourcesBuildPhase section */
		BCB256CC24C059C4005925E4 /* Sources */ = {
			isa = PBXSourcesBuildPhase;
			buildActionMask = 2147483647;
			files = (
				BC86900E24C2EB1A00CF5F8A /* NetworkManager.swift in Sources */,
				BC86900624C2E47800CF5F8A /* City+CoreDataClass.swift in Sources */,
				BC86900424C2E47800CF5F8A /* Weather+CoreDataClass.swift in Sources */,
				BC86901424C2F94B00CF5F8A /* CoreDataBase.swift in Sources */,
				BCB256D824C059C4005925E4 /* ViewController.swift in Sources */,
				BC86900524C2E47800CF5F8A /* City+CoreDataProperties.swift in Sources */,
				BCB256D424C059C4005925E4 /* AppDelegate.swift in Sources */,
				BC86901124C2EB4400CF5F8A /* CoreDataManager.swift in Sources */,
				BC86900324C2E47800CF5F8A /* Weather+CoreDataProperties.swift in Sources */,
				BC86900A24C2E9E700CF5F8A /* DataBaseProtocol.swift in Sources */,
				BC86900D24C2EB1A00CF5F8A /* DataManager.swift in Sources */,
				BCB256D624C059C4005925E4 /* SceneDelegate.swift in Sources */,
				BC86900224C2E47800CF5F8A /* WeatherForecast.xcdatamodeld in Sources */,
			);
			runOnlyForDeploymentPostprocessing = 0;
		};
/* End PBXSourcesBuildPhase section */

/* Begin PBXVariantGroup section */
		BCB256D924C059C4005925E4 /* Main.storyboard */ = {
			isa = PBXVariantGroup;
			children = (
				BCB256DA24C059C4005925E4 /* Base */,
			);
			name = Main.storyboard;
			sourceTree = "<group>";
		};
		BCB256DE24C059C7005925E4 /* LaunchScreen.storyboard */ = {
			isa = PBXVariantGroup;
			children = (
				BCB256DF24C059C7005925E4 /* Base */,
			);
			name = LaunchScreen.storyboard;
			sourceTree = "<group>";
		};
/* End PBXVariantGroup section */

/* Begin XCBuildConfiguration section */
		BCB256E224C059C7005925E4 /* Debug */ = {
			isa = XCBuildConfiguration;
			buildSettings = {
				ALWAYS_SEARCH_USER_PATHS = NO;
				CLANG_ANALYZER_NONNULL = YES;
				CLANG_ANALYZER_NUMBER_OBJECT_CONVERSION = YES_AGGRESSIVE;
				CLANG_CXX_LANGUAGE_STANDARD = "gnu++14";
				CLANG_CXX_LIBRARY = "libc++";
				CLANG_ENABLE_MODULES = YES;
				CLANG_ENABLE_OBJC_ARC = YES;
				CLANG_ENABLE_OBJC_WEAK = YES;
				CLANG_WARN_BLOCK_CAPTURE_AUTORELEASING = YES;
				CLANG_WARN_BOOL_CONVERSION = YES;
				CLANG_WARN_COMMA = YES;
				CLANG_WARN_CONSTANT_CONVERSION = YES;
				CLANG_WARN_DEPRECATED_OBJC_IMPLEMENTATIONS = YES;
				CLANG_WARN_DIRECT_OBJC_ISA_USAGE = YES_ERROR;
				CLANG_WARN_DOCUMENTATION_COMMENTS = YES;
				CLANG_WARN_EMPTY_BODY = YES;
				CLANG_WARN_ENUM_CONVERSION = YES;
				CLANG_WARN_INFINITE_RECURSION = YES;
				CLANG_WARN_INT_CONVERSION = YES;
				CLANG_WARN_NON_LITERAL_NULL_CONVERSION = YES;
				CLANG_WARN_OBJC_IMPLICIT_RETAIN_SELF = YES;
				CLANG_WARN_OBJC_LITERAL_CONVERSION = YES;
				CLANG_WARN_OBJC_ROOT_CLASS = YES_ERROR;
				CLANG_WARN_RANGE_LOOP_ANALYSIS = YES;
				CLANG_WARN_STRICT_PROTOTYPES = YES;
				CLANG_WARN_SUSPICIOUS_MOVE = YES;
				CLANG_WARN_UNGUARDED_AVAILABILITY = YES_AGGRESSIVE;
				CLANG_WARN_UNREACHABLE_CODE = YES;
				CLANG_WARN__DUPLICATE_METHOD_MATCH = YES;
				COPY_PHASE_STRIP = NO;
				DEBUG_INFORMATION_FORMAT = dwarf;
				ENABLE_STRICT_OBJC_MSGSEND = YES;
				ENABLE_TESTABILITY = YES;
				GCC_C_LANGUAGE_STANDARD = gnu11;
				GCC_DYNAMIC_NO_PIC = NO;
				GCC_NO_COMMON_BLOCKS = YES;
				GCC_OPTIMIZATION_LEVEL = 0;
				GCC_PREPROCESSOR_DEFINITIONS = (
					"DEBUG=1",
					"$(inherited)",
				);
				GCC_WARN_64_TO_32_BIT_CONVERSION = YES;
				GCC_WARN_ABOUT_RETURN_TYPE = YES_ERROR;
				GCC_WARN_UNDECLARED_SELECTOR = YES;
				GCC_WARN_UNINITIALIZED_AUTOS = YES_AGGRESSIVE;
				GCC_WARN_UNUSED_FUNCTION = YES;
				GCC_WARN_UNUSED_VARIABLE = YES;
				IPHONEOS_DEPLOYMENT_TARGET = 13.0;
				MTL_ENABLE_DEBUG_INFO = INCLUDE_SOURCE;
				MTL_FAST_MATH = YES;
				ONLY_ACTIVE_ARCH = YES;
				SDKROOT = iphoneos;
				SWIFT_ACTIVE_COMPILATION_CONDITIONS = DEBUG;
				SWIFT_OPTIMIZATION_LEVEL = "-Onone";
			};
			name = Debug;
		};
		BCB256E324C059C7005925E4 /* Release */ = {
			isa = XCBuildConfiguration;
			buildSettings = {
				ALWAYS_SEARCH_USER_PATHS = NO;
				CLANG_ANALYZER_NONNULL = YES;
				CLANG_ANALYZER_NUMBER_OBJECT_CONVERSION = YES_AGGRESSIVE;
				CLANG_CXX_LANGUAGE_STANDARD = "gnu++14";
				CLANG_CXX_LIBRARY = "libc++";
				CLANG_ENABLE_MODULES = YES;
				CLANG_ENABLE_OBJC_ARC = YES;
				CLANG_ENABLE_OBJC_WEAK = YES;
				CLANG_WARN_BLOCK_CAPTURE_AUTORELEASING = YES;
				CLANG_WARN_BOOL_CONVERSION = YES;
				CLANG_WARN_COMMA = YES;
				CLANG_WARN_CONSTANT_CONVERSION = YES;
				CLANG_WARN_DEPRECATED_OBJC_IMPLEMENTATIONS = YES;
				CLANG_WARN_DIRECT_OBJC_ISA_USAGE = YES_ERROR;
				CLANG_WARN_DOCUMENTATION_COMMENTS = YES;
				CLANG_WARN_EMPTY_BODY = YES;
				CLANG_WARN_ENUM_CONVERSION = YES;
				CLANG_WARN_INFINITE_RECURSION = YES;
				CLANG_WARN_INT_CONVERSION = YES;
				CLANG_WARN_NON_LITERAL_NULL_CONVERSION = YES;
				CLANG_WARN_OBJC_IMPLICIT_RETAIN_SELF = YES;
				CLANG_WARN_OBJC_LITERAL_CONVERSION = YES;
				CLANG_WARN_OBJC_ROOT_CLASS = YES_ERROR;
				CLANG_WARN_RANGE_LOOP_ANALYSIS = YES;
				CLANG_WARN_STRICT_PROTOTYPES = YES;
				CLANG_WARN_SUSPICIOUS_MOVE = YES;
				CLANG_WARN_UNGUARDED_AVAILABILITY = YES_AGGRESSIVE;
				CLANG_WARN_UNREACHABLE_CODE = YES;
				CLANG_WARN__DUPLICATE_METHOD_MATCH = YES;
				COPY_PHASE_STRIP = NO;
				DEBUG_INFORMATION_FORMAT = "dwarf-with-dsym";
				ENABLE_NS_ASSERTIONS = NO;
				ENABLE_STRICT_OBJC_MSGSEND = YES;
				GCC_C_LANGUAGE_STANDARD = gnu11;
				GCC_NO_COMMON_BLOCKS = YES;
				GCC_WARN_64_TO_32_BIT_CONVERSION = YES;
				GCC_WARN_ABOUT_RETURN_TYPE = YES_ERROR;
				GCC_WARN_UNDECLARED_SELECTOR = YES;
				GCC_WARN_UNINITIALIZED_AUTOS = YES_AGGRESSIVE;
				GCC_WARN_UNUSED_FUNCTION = YES;
				GCC_WARN_UNUSED_VARIABLE = YES;
				IPHONEOS_DEPLOYMENT_TARGET = 13.0;
				MTL_ENABLE_DEBUG_INFO = NO;
				MTL_FAST_MATH = YES;
				SDKROOT = iphoneos;
				SWIFT_COMPILATION_MODE = wholemodule;
				SWIFT_OPTIMIZATION_LEVEL = "-O";
				VALIDATE_PRODUCT = YES;
			};
			name = Release;
		};
		BCB256E524C059C7005925E4 /* Debug */ = {
			isa = XCBuildConfiguration;
			baseConfigurationReference = 44FA8FAEB3604B9B6983D55C /* Pods-GoodWeather.debug.xcconfig */;
			buildSettings = {
				ASSETCATALOG_COMPILER_APPICON_NAME = AppIcon;
				CODE_SIGN_STYLE = Automatic;
				DEVELOPMENT_TEAM = A5358JG4KP;
				INFOPLIST_FILE = GoodWeather/Info.plist;
				LD_RUNPATH_SEARCH_PATHS = (
					"$(inherited)",
					"@executable_path/Frameworks",
				);
				PRODUCT_BUNDLE_IDENTIFIER = DariaLeonova.GoodWeather;
				PRODUCT_NAME = "$(TARGET_NAME)";
				SWIFT_VERSION = 5.0;
				TARGETED_DEVICE_FAMILY = "1,2";
			};
			name = Debug;
		};
		BCB256E624C059C7005925E4 /* Release */ = {
			isa = XCBuildConfiguration;
			baseConfigurationReference = 945E6528CE8DA721BF77729F /* Pods-GoodWeather.release.xcconfig */;
			buildSettings = {
				ASSETCATALOG_COMPILER_APPICON_NAME = AppIcon;
				CODE_SIGN_STYLE = Automatic;
				DEVELOPMENT_TEAM = A5358JG4KP;
				INFOPLIST_FILE = GoodWeather/Info.plist;
				LD_RUNPATH_SEARCH_PATHS = (
					"$(inherited)",
					"@executable_path/Frameworks",
				);
				PRODUCT_BUNDLE_IDENTIFIER = DariaLeonova.GoodWeather;
				PRODUCT_NAME = "$(TARGET_NAME)";
				SWIFT_VERSION = 5.0;
				TARGETED_DEVICE_FAMILY = "1,2";
			};
			name = Release;
		};
/* End XCBuildConfiguration section */

/* Begin XCConfigurationList section */
		BCB256CB24C059C4005925E4 /* Build configuration list for PBXProject "GoodWeather" */ = {
			isa = XCConfigurationList;
			buildConfigurations = (
				BCB256E224C059C7005925E4 /* Debug */,
				BCB256E324C059C7005925E4 /* Release */,
			);
			defaultConfigurationIsVisible = 0;
			defaultConfigurationName = Release;
		};
		BCB256E424C059C7005925E4 /* Build configuration list for PBXNativeTarget "GoodWeather" */ = {
			isa = XCConfigurationList;
			buildConfigurations = (
				BCB256E524C059C7005925E4 /* Debug */,
				BCB256E624C059C7005925E4 /* Release */,
			);
			defaultConfigurationIsVisible = 0;
			defaultConfigurationName = Release;
		};
/* End XCConfigurationList section */

/* Begin XCVersionGroup section */
		BC868FFC24C2E47800CF5F8A /* WeatherForecast.xcdatamodeld */ = {
			isa = XCVersionGroup;
			children = (
				BC868FFD24C2E47800CF5F8A /* WeatherForecast.xcdatamodel */,
			);
			currentVersion = BC868FFD24C2E47800CF5F8A /* WeatherForecast.xcdatamodel */;
			path = WeatherForecast.xcdatamodeld;
			sourceTree = "<group>";
			versionGroupType = wrapper.xcdatamodel;
		};
/* End XCVersionGroup section */
	};
	rootObject = BCB256C824C059C4005925E4 /* Project object */;
}
